
Microsoft Visual Studio Solution File, Format Version 12.00
# Visual Studio Version 16
VisualStudioVersion = 25.0.1706.0
MinimumVisualStudioVersion = 10.0.40219.1
Project("{FAE04EC0-301F-11D3-BF4B-00C04F79EFBC}") = "football_functions", "football_functions\football_functions.csproj", "{90CC7E94-C031-4808-9E05-8C6C80BE3E1C}"
EndProject
Global
	GlobalSection(SolutionConfigurationPlatforms) = preSolution
		Debug|Any CPU = Debug|Any CPU
		Release|Any CPU = Release|Any CPU
	EndGlobalSection
	GlobalSection(ProjectConfigurationPlatforms) = postSolution
		{90CC7E94-C031-4808-9E05-8C6C80BE3E1C}.Debug|Any CPU.ActiveCfg = Debug|Any CPU
		{90CC7E94-C031-4808-9E05-8C6C80BE3E1C}.Debug|Any CPU.Build.0 = Debug|Any CPU
		{90CC7E94-C031-4808-9E05-8C6C80BE3E1C}.Release|Any CPU.ActiveCfg = Release|Any CPU
		{90CC7E94-C031-4808-9E05-8C6C80BE3E1C}.Release|Any CPU.Build.0 = Release|Any CPU
	EndGlobalSection
	GlobalSection(SolutionProperties) = preSolution
		HideSolutionNode = FALSE
	EndGlobalSection
	GlobalSection(ExtensibilityGlobals) = postSolution
		SolutionGuid = {D14D69F4-A892-4696-8E76-D2C6BDFAB47F}
	EndGlobalSection
EndGlobal
